
Microsoft Visual Studio Solution File, Format Version 12.00
# Visual Studio Version 16
VisualStudioVersion = 16.0.29519.87
MinimumVisualStudioVersion = 10.0.40219.1
Project("{9A19103F-16F7-4668-BE54-9A1E7A4F7556}") = "Chapter3.Task1", "Chapter3.Task1\Chapter3.Task1.csproj", "{04D3AF16-FBBC-45F2-B50E-7A6F76161D44}"
EndProject
Project("{9A19103F-16F7-4668-BE54-9A1E7A4F7556}") = "Chapter3.Task2", "Chapter3.Task2\Chapter3.Task2.csproj", "{393DE6A7-8F82-428A-AF99-8ACBFB096014}"
EndProject
Project("{9A19103F-16F7-4668-BE54-9A1E7A4F7556}") = "Chapter3.Task3", "Chapter3.Task3\Chapter3.Task3.csproj", "{FAD83EEC-2E2D-40EB-9DD2-16E0FA089F4D}"
EndProject
Project("{9A19103F-16F7-4668-BE54-9A1E7A4F7556}") = "Chapter3.Task4", "Chapter3.Task4\Chapter3.Task4.csproj", "{DC3C40C5-478C-4EE6-B2AF-22FCB69B9696}"
EndProject
Project("{9A19103F-16F7-4668-BE54-9A1E7A4F7556}") = "Chapter3.Task6", "Chapter3.Task6\Chapter3.Task6.csproj", "{014A7F0B-8FD7-4850-890A-DBEA2E184418}"
EndProject
Project("{9A19103F-16F7-4668-BE54-9A1E7A4F7556}") = "Chapter3.Task5", "Chapter3.Task5\Chapter3.Task5.csproj", "{1557F33B-63BE-48A3-B437-62360FBE5BE1}"
EndProject
Project("{9A19103F-16F7-4668-BE54-9A1E7A4F7556}") = "Chapter3.Task7", "Chapter3.Task7\Chapter3.Task7.csproj", "{3B0F19F7-0E47-4419-A54B-E8DAE5D1B3BE}"
EndProject
Global
	GlobalSection(SolutionConfigurationPlatforms) = preSolution
		Debug|Any CPU = Debug|Any CPU
		Release|Any CPU = Release|Any CPU
	EndGlobalSection
	GlobalSection(ProjectConfigurationPlatforms) = postSolution
		{04D3AF16-FBBC-45F2-B50E-7A6F76161D44}.Debug|Any CPU.ActiveCfg = Debug|Any CPU
		{04D3AF16-FBBC-45F2-B50E-7A6F76161D44}.Debug|Any CPU.Build.0 = Debug|Any CPU
		{04D3AF16-FBBC-45F2-B50E-7A6F76161D44}.Release|Any CPU.ActiveCfg = Release|Any CPU
		{04D3AF16-FBBC-45F2-B50E-7A6F76161D44}.Release|Any CPU.Build.0 = Release|Any CPU
		{393DE6A7-8F82-428A-AF99-8ACBFB096014}.Debug|Any CPU.ActiveCfg = Debug|Any CPU
		{393DE6A7-8F82-428A-AF99-8ACBFB096014}.Debug|Any CPU.Build.0 = Debug|Any CPU
		{393DE6A7-8F82-428A-AF99-8ACBFB096014}.Release|Any CPU.ActiveCfg = Release|Any CPU
		{393DE6A7-8F82-428A-AF99-8ACBFB096014}.Release|Any CPU.Build.0 = Release|Any CPU
		{FAD83EEC-2E2D-40EB-9DD2-16E0FA089F4D}.Debug|Any CPU.ActiveCfg = Debug|Any CPU
		{FAD83EEC-2E2D-40EB-9DD2-16E0FA089F4D}.Debug|Any CPU.Build.0 = Debug|Any CPU
		{FAD83EEC-2E2D-40EB-9DD2-16E0FA089F4D}.Release|Any CPU.ActiveCfg = Release|Any CPU
		{FAD83EEC-2E2D-40EB-9DD2-16E0FA089F4D}.Release|Any CPU.Build.0 = Release|Any CPU
		{DC3C40C5-478C-4EE6-B2AF-22FCB69B9696}.Debug|Any CPU.ActiveCfg = Debug|Any CPU
		{DC3C40C5-478C-4EE6-B2AF-22FCB69B9696}.Debug|Any CPU.Build.0 = Debug|Any CPU
		{DC3C40C5-478C-4EE6-B2AF-22FCB69B9696}.Release|Any CPU.ActiveCfg = Release|Any CPU
		{DC3C40C5-478C-4EE6-B2AF-22FCB69B9696}.Release|Any CPU.Build.0 = Release|Any CPU
		{014A7F0B-8FD7-4850-890A-DBEA2E184418}.Debug|Any CPU.ActiveCfg = Debug|Any CPU
		{014A7F0B-8FD7-4850-890A-DBEA2E184418}.Debug|Any CPU.Build.0 = Debug|Any CPU
		{014A7F0B-8FD7-4850-890A-DBEA2E184418}.Release|Any CPU.ActiveCfg = Release|Any CPU
		{014A7F0B-8FD7-4850-890A-DBEA2E184418}.Release|Any CPU.Build.0 = Release|Any CPU
		{1557F33B-63BE-48A3-B437-62360FBE5BE1}.Debug|Any CPU.ActiveCfg = Debug|Any CPU
		{1557F33B-63BE-48A3-B437-62360FBE5BE1}.Debug|Any CPU.Build.0 = Debug|Any CPU
		{1557F33B-63BE-48A3-B437-62360FBE5BE1}.Release|Any CPU.ActiveCfg = Release|Any CPU
		{1557F33B-63BE-48A3-B437-62360FBE5BE1}.Release|Any CPU.Build.0 = Release|Any CPU
		{3B0F19F7-0E47-4419-A54B-E8DAE5D1B3BE}.Debug|Any CPU.ActiveCfg = Debug|Any CPU
		{3B0F19F7-0E47-4419-A54B-E8DAE5D1B3BE}.Debug|Any CPU.Build.0 = Debug|Any CPU
		{3B0F19F7-0E47-4419-A54B-E8DAE5D1B3BE}.Release|Any CPU.ActiveCfg = Release|Any CPU
		{3B0F19F7-0E47-4419-A54B-E8DAE5D1B3BE}.Release|Any CPU.Build.0 = Release|Any CPU
	EndGlobalSection
	GlobalSection(SolutionProperties) = preSolution
		HideSolutionNode = FALSE
	EndGlobalSection
	GlobalSection(ExtensibilityGlobals) = postSolution
		SolutionGuid = {CF516124-60B2-4A47-91BD-0B093A8B773F}
	EndGlobalSection
EndGlobal
