
Microsoft Visual Studio Solution File, Format Version 12.00
# Visual Studio Version 16
VisualStudioVersion = 16.0.29009.5
MinimumVisualStudioVersion = 10.0.40219.1
Project("{9A19103F-16F7-4668-BE54-9A1E7A4F7556}") = "Chapter4.Task1", "Chapter4.Task1\Chapter4.Task1.csproj", "{B338D2E1-4BCF-495B-B2F5-3EAD59CF2F76}"
EndProject
Project("{9A19103F-16F7-4668-BE54-9A1E7A4F7556}") = "Сhapter4.Task2", "Сhapter4.Task2\Сhapter4.Task2.csproj", "{962A3CC7-C546-4150-AA54-88741940E3AE}"
EndProject
Project("{9A19103F-16F7-4668-BE54-9A1E7A4F7556}") = "Chapter4Task3", "Chapter4Task3\Chapter4Task3.csproj", "{52B580E5-4EDE-4805-8C47-E2DD270E93C1}"
EndProject
Project("{9A19103F-16F7-4668-BE54-9A1E7A4F7556}") = "Сhapter4.Task4", "Сhapter4.Task4\Сhapter4.Task4.csproj", "{B90AB1D9-8636-4220-AB49-098F1DAFB220}"
EndProject
Project("{9A19103F-16F7-4668-BE54-9A1E7A4F7556}") = "Chapter4.Task5", "Chapter4.Task5\Chapter4.Task5.csproj", "{93597EB1-B773-4E60-8A7F-FA42A3EF545B}"
EndProject
Project("{9A19103F-16F7-4668-BE54-9A1E7A4F7556}") = "Chapter4.Task8", "Chapter4.Task8\Chapter4.Task8.csproj", "{4A7EBB90-4F83-44B0-9F38-9B2794681256}"
EndProject
Project("{9A19103F-16F7-4668-BE54-9A1E7A4F7556}") = "Chapter4.Task7", "Chapter4.Task7\Chapter4.Task7.csproj", "{97539520-7832-42F7-B7C9-B717F623796B}"
EndProject
Project("{9A19103F-16F7-4668-BE54-9A1E7A4F7556}") = "MatrixMultiplication", "MatrixMultiplication\MatrixMultiplication.csproj", "{1C83CB76-D12C-4522-81BA-59684AE51EFA}"
EndProject
Project("{FAE04EC0-301F-11D3-BF4B-00C04F79EFBC}") = "Chapter4.Task10", "Chapter4.Task10\Chapter4.Task10.csproj", "{86191EC9-F953-47AB-A421-8B6F5E6CCDCE}"
EndProject
Global
	GlobalSection(SolutionConfigurationPlatforms) = preSolution
		Debug|Any CPU = Debug|Any CPU
		Release|Any CPU = Release|Any CPU
	EndGlobalSection
	GlobalSection(ProjectConfigurationPlatforms) = postSolution
		{B338D2E1-4BCF-495B-B2F5-3EAD59CF2F76}.Debug|Any CPU.ActiveCfg = Debug|Any CPU
		{B338D2E1-4BCF-495B-B2F5-3EAD59CF2F76}.Debug|Any CPU.Build.0 = Debug|Any CPU
		{B338D2E1-4BCF-495B-B2F5-3EAD59CF2F76}.Release|Any CPU.ActiveCfg = Release|Any CPU
		{B338D2E1-4BCF-495B-B2F5-3EAD59CF2F76}.Release|Any CPU.Build.0 = Release|Any CPU
		{962A3CC7-C546-4150-AA54-88741940E3AE}.Debug|Any CPU.ActiveCfg = Debug|Any CPU
		{962A3CC7-C546-4150-AA54-88741940E3AE}.Debug|Any CPU.Build.0 = Debug|Any CPU
		{962A3CC7-C546-4150-AA54-88741940E3AE}.Release|Any CPU.ActiveCfg = Release|Any CPU
		{962A3CC7-C546-4150-AA54-88741940E3AE}.Release|Any CPU.Build.0 = Release|Any CPU
		{52B580E5-4EDE-4805-8C47-E2DD270E93C1}.Debug|Any CPU.ActiveCfg = Debug|Any CPU
		{52B580E5-4EDE-4805-8C47-E2DD270E93C1}.Debug|Any CPU.Build.0 = Debug|Any CPU
		{52B580E5-4EDE-4805-8C47-E2DD270E93C1}.Release|Any CPU.ActiveCfg = Release|Any CPU
		{52B580E5-4EDE-4805-8C47-E2DD270E93C1}.Release|Any CPU.Build.0 = Release|Any CPU
		{B90AB1D9-8636-4220-AB49-098F1DAFB220}.Debug|Any CPU.ActiveCfg = Debug|Any CPU
		{B90AB1D9-8636-4220-AB49-098F1DAFB220}.Debug|Any CPU.Build.0 = Debug|Any CPU
		{B90AB1D9-8636-4220-AB49-098F1DAFB220}.Release|Any CPU.ActiveCfg = Release|Any CPU
		{B90AB1D9-8636-4220-AB49-098F1DAFB220}.Release|Any CPU.Build.0 = Release|Any CPU
		{93597EB1-B773-4E60-8A7F-FA42A3EF545B}.Debug|Any CPU.ActiveCfg = Debug|Any CPU
		{93597EB1-B773-4E60-8A7F-FA42A3EF545B}.Debug|Any CPU.Build.0 = Debug|Any CPU
		{93597EB1-B773-4E60-8A7F-FA42A3EF545B}.Release|Any CPU.ActiveCfg = Release|Any CPU
		{93597EB1-B773-4E60-8A7F-FA42A3EF545B}.Release|Any CPU.Build.0 = Release|Any CPU
		{4A7EBB90-4F83-44B0-9F38-9B2794681256}.Debug|Any CPU.ActiveCfg = Debug|Any CPU
		{4A7EBB90-4F83-44B0-9F38-9B2794681256}.Debug|Any CPU.Build.0 = Debug|Any CPU
		{4A7EBB90-4F83-44B0-9F38-9B2794681256}.Release|Any CPU.ActiveCfg = Release|Any CPU
		{4A7EBB90-4F83-44B0-9F38-9B2794681256}.Release|Any CPU.Build.0 = Release|Any CPU
		{97539520-7832-42F7-B7C9-B717F623796B}.Debug|Any CPU.ActiveCfg = Debug|Any CPU
		{97539520-7832-42F7-B7C9-B717F623796B}.Debug|Any CPU.Build.0 = Debug|Any CPU
		{97539520-7832-42F7-B7C9-B717F623796B}.Release|Any CPU.ActiveCfg = Release|Any CPU
		{97539520-7832-42F7-B7C9-B717F623796B}.Release|Any CPU.Build.0 = Release|Any CPU
		{1C83CB76-D12C-4522-81BA-59684AE51EFA}.Debug|Any CPU.ActiveCfg = Debug|Any CPU
		{1C83CB76-D12C-4522-81BA-59684AE51EFA}.Debug|Any CPU.Build.0 = Debug|Any CPU
		{1C83CB76-D12C-4522-81BA-59684AE51EFA}.Release|Any CPU.ActiveCfg = Release|Any CPU
		{1C83CB76-D12C-4522-81BA-59684AE51EFA}.Release|Any CPU.Build.0 = Release|Any CPU
		{86191EC9-F953-47AB-A421-8B6F5E6CCDCE}.Debug|Any CPU.ActiveCfg = Debug|Any CPU
		{86191EC9-F953-47AB-A421-8B6F5E6CCDCE}.Debug|Any CPU.Build.0 = Debug|Any CPU
		{86191EC9-F953-47AB-A421-8B6F5E6CCDCE}.Release|Any CPU.ActiveCfg = Release|Any CPU
		{86191EC9-F953-47AB-A421-8B6F5E6CCDCE}.Release|Any CPU.Build.0 = Release|Any CPU
	EndGlobalSection
	GlobalSection(SolutionProperties) = preSolution
		HideSolutionNode = FALSE
	EndGlobalSection
	GlobalSection(ExtensibilityGlobals) = postSolution
		SolutionGuid = {97DED114-AD77-49F8-A35B-0F093123C209}
	EndGlobalSection
EndGlobal
